{
	"name": "sedmiboj",
	"version": "1.0.0",
	"lockfileVersion": 2,
	"requires": true,
	"packages": {
		"": {
			"name": "sedmiboj",
			"version": "1.0.0",
			"license": "MIT",
			"dependencies": {
				"total4": "latest"
			}
		},
		"node_modules/total4": {
			"version": "0.0.69",
			"resolved": "https://registry.npmjs.org/total4/-/total4-0.0.69.tgz",
			"integrity": "sha512-gc/7rwm8gW3fImVFlUPbMpF/21JIOFRNuHDT6ijS1rVsvU0N02Hek7meRAhGIwHKk5TS72HuprtbL5bHwq0WRg==",
			"bin": {
				"total4": "bin/total4"
			}
		}
	},
	"dependencies": {
		"total4": {
			"version": "0.0.69",
			"resolved": "https://registry.npmjs.org/total4/-/total4-0.0.69.tgz",
			"integrity": "sha512-gc/7rwm8gW3fImVFlUPbMpF/21JIOFRNuHDT6ijS1rVsvU0N02Hek7meRAhGIwHKk5TS72HuprtbL5bHwq0WRg=="
		}
	}
}
